
Microsoft Visual Studio Solution File, Format Version 12.00
# Visual Studio 15
VisualStudioVersion = 15.0.28307.168
MinimumVisualStudioVersion = 10.0.40219.1
Project("{FAE04EC0-301F-11D3-BF4B-00C04F79EFBC}") = "ClipboardAutoProcessor", "ClipboardAutoProcessor.csproj", "{38DEE8A9-0B72-48C6-92A0-B9C878EFF703}"
EndProject
Global
	GlobalSection(SolutionConfigurationPlatforms) = preSolution
		Debug|Any CPU = Debug|Any CPU
		Release|Any CPU = Release|Any CPU
	EndGlobalSection
	GlobalSection(ProjectConfigurationPlatforms) = postSolution
		{38DEE8A9-0B72-48C6-92A0-B9C878EFF703}.Debug|Any CPU.ActiveCfg = Debug|Any CPU
		{38DEE8A9-0B72-48C6-92A0-B9C878EFF703}.Debug|Any CPU.Build.0 = Debug|Any CPU
		{38DEE8A9-0B72-48C6-92A0-B9C878EFF703}.Release|Any CPU.ActiveCfg = Release|Any CPU
		{38DEE8A9-0B72-48C6-92A0-B9C878EFF703}.Release|Any CPU.Build.0 = Release|Any CPU
	EndGlobalSection
	GlobalSection(SolutionProperties) = preSolution
		HideSolutionNode = FALSE
	EndGlobalSection
	GlobalSection(ExtensibilityGlobals) = postSolution
		SolutionGuid = {2A507B07-21E9-4A55-8703-50D7F55695BE}
	EndGlobalSection
EndGlobal
